version: 2.0
shards:
  gi-crystal:
    git: https://github.com/hugopl/gi-crystal.git
    version: 0.25.0

  gtk4:
    git: https://github.com/hugopl/gtk4.cr.git
    version: 0.17.0

  harfbuzz:
    git: https://github.com/hugopl/harfbuzz.cr.git
    version: 0.2.1

  libadwaita:
    git: https://github.com/geopjr/libadwaita.cr.git
    version: 1.0.0+git.commit.2a87b78cd15fb56a0a6bdf47b33533dd8ed0fd7c

  pango:
    git: https://github.com/hugopl/pango.cr.git
    version: 0.3.1

  vte:
    git: https://github.com/hugopl/vte.cr.git
    version: 0.1.0+git.commit.c708a1af155e8f36377728b3eb98b14f9e76ba22

